
Microsoft Visual Studio Solution File, Format Version 12.00
# Visual Studio 14
VisualStudioVersion = 14.0.25420.1
MinimumVisualStudioVersion = 10.0.40219.1
Project("{FAE04EC0-301F-11D3-BF4B-00C04F79EFBC}") = "ZetsubouShopApi", "ZetsubouShop\ZetsubouShopApi.csproj", "{AAC1C18C-42AC-42FB-8D9E-0ED2C4FDE889}"
EndProject
Project("{FAE04EC0-301F-11D3-BF4B-00C04F79EFBC}") = "ZetsubouShopWeb", "ZetsubouShopWeb\ZetsubouShopWeb.csproj", "{FB537684-BA7E-4BE0-BACF-A54EDCD9A34A}"
EndProject
Global
	GlobalSection(SolutionConfigurationPlatforms) = preSolution
		Both|Any CPU = Both|Any CPU
		Debug|Any CPU = Debug|Any CPU
		Release|Any CPU = Release|Any CPU
	EndGlobalSection
	GlobalSection(ProjectConfigurationPlatforms) = postSolution
		{AAC1C18C-42AC-42FB-8D9E-0ED2C4FDE889}.Both|Any CPU.ActiveCfg = Debug|Any CPU
		{AAC1C18C-42AC-42FB-8D9E-0ED2C4FDE889}.Both|Any CPU.Build.0 = Debug|Any CPU
		{AAC1C18C-42AC-42FB-8D9E-0ED2C4FDE889}.Debug|Any CPU.ActiveCfg = Debug|Any CPU
		{AAC1C18C-42AC-42FB-8D9E-0ED2C4FDE889}.Debug|Any CPU.Build.0 = Debug|Any CPU
		{AAC1C18C-42AC-42FB-8D9E-0ED2C4FDE889}.Release|Any CPU.ActiveCfg = Release|Any CPU
		{AAC1C18C-42AC-42FB-8D9E-0ED2C4FDE889}.Release|Any CPU.Build.0 = Release|Any CPU
		{FB537684-BA7E-4BE0-BACF-A54EDCD9A34A}.Both|Any CPU.ActiveCfg = Debug|Any CPU
		{FB537684-BA7E-4BE0-BACF-A54EDCD9A34A}.Both|Any CPU.Build.0 = Debug|Any CPU
		{FB537684-BA7E-4BE0-BACF-A54EDCD9A34A}.Debug|Any CPU.ActiveCfg = Debug|Any CPU
		{FB537684-BA7E-4BE0-BACF-A54EDCD9A34A}.Debug|Any CPU.Build.0 = Debug|Any CPU
		{FB537684-BA7E-4BE0-BACF-A54EDCD9A34A}.Release|Any CPU.ActiveCfg = Release|Any CPU
		{FB537684-BA7E-4BE0-BACF-A54EDCD9A34A}.Release|Any CPU.Build.0 = Release|Any CPU
	EndGlobalSection
	GlobalSection(SolutionProperties) = preSolution
		HideSolutionNode = FALSE
	EndGlobalSection
EndGlobal
